
Microsoft Visual Studio Solution File, Format Version 12.00
# Visual Studio Version 17
VisualStudioVersion = 17.5.33516.290
MinimumVisualStudioVersion = 10.0.40219.1
Project("{FAE04EC0-301F-11D3-BF4B-00C04F79EFBC}") = "IDCoreTest", "IDCoreTest\IDCoreTest.csproj", "{C0784D60-5EC1-4E2A-B532-6D08E6E9607F}"
EndProject
Global
	GlobalSection(SolutionConfigurationPlatforms) = preSolution
		Debug|Any CPU = Debug|Any CPU
		Release|Any CPU = Release|Any CPU
	EndGlobalSection
	GlobalSection(ProjectConfigurationPlatforms) = postSolution
		{C0784D60-5EC1-4E2A-B532-6D08E6E9607F}.Debug|Any CPU.ActiveCfg = Debug|Any CPU
		{C0784D60-5EC1-4E2A-B532-6D08E6E9607F}.Debug|Any CPU.Build.0 = Debug|Any CPU
		{C0784D60-5EC1-4E2A-B532-6D08E6E9607F}.Release|Any CPU.ActiveCfg = Release|Any CPU
		{C0784D60-5EC1-4E2A-B532-6D08E6E9607F}.Release|Any CPU.Build.0 = Release|Any CPU
	EndGlobalSection
	GlobalSection(SolutionProperties) = preSolution
		HideSolutionNode = FALSE
	EndGlobalSection
	GlobalSection(ExtensibilityGlobals) = postSolution
		SolutionGuid = {FD6DDB49-8FEE-4333-AD86-0764F05A4090}
	EndGlobalSection
EndGlobal
